
Microsoft Visual Studio Solution File, Format Version 12.00
# Visual Studio 2012
Project("{FAE04EC0-301F-11D3-BF4B-00C04F79EFBC}") = "WebApi.PerformanceMonitor", "WebApi.PerformanceMonitor\WebApi.PerformanceMonitor.csproj", "{3AB58EE7-AB77-4EC5-A794-A3C00BC2B070}"
EndProject
Project("{FAE04EC0-301F-11D3-BF4B-00C04F79EFBC}") = "WebApi.PerformanceMonitor.Test", "WebApi.PerformanceMonitor.Test\WebApi.PerformanceMonitor.Test.csproj", "{16F4E49E-1388-433B-B6B1-E9FBEC8AE921}"
EndProject
Project("{FAE04EC0-301F-11D3-BF4B-00C04F79EFBC}") = "WebApi.PerformanceMonitor.NugetPackager", "WebApi.PerformanceMonitor.NugetPackager\WebApi.PerformanceMonitor.NugetPackager.csproj", "{0451BAEF-DF2E-4B98-8644-94EE9415E389}"
EndProject
Global
	GlobalSection(SolutionConfigurationPlatforms) = preSolution
		Debug|Any CPU = Debug|Any CPU
		Release|Any CPU = Release|Any CPU
	EndGlobalSection
	GlobalSection(ProjectConfigurationPlatforms) = postSolution
		{0451BAEF-DF2E-4B98-8644-94EE9415E389}.Debug|Any CPU.ActiveCfg = Debug|Any CPU
		{0451BAEF-DF2E-4B98-8644-94EE9415E389}.Debug|Any CPU.Build.0 = Debug|Any CPU
		{0451BAEF-DF2E-4B98-8644-94EE9415E389}.Release|Any CPU.ActiveCfg = Release|Any CPU
		{0451BAEF-DF2E-4B98-8644-94EE9415E389}.Release|Any CPU.Build.0 = Release|Any CPU
		{16F4E49E-1388-433B-B6B1-E9FBEC8AE921}.Debug|Any CPU.ActiveCfg = Debug|Any CPU
		{16F4E49E-1388-433B-B6B1-E9FBEC8AE921}.Debug|Any CPU.Build.0 = Debug|Any CPU
		{16F4E49E-1388-433B-B6B1-E9FBEC8AE921}.Release|Any CPU.ActiveCfg = Release|Any CPU
		{16F4E49E-1388-433B-B6B1-E9FBEC8AE921}.Release|Any CPU.Build.0 = Release|Any CPU
		{3AB58EE7-AB77-4EC5-A794-A3C00BC2B070}.Debug|Any CPU.ActiveCfg = Debug|Any CPU
		{3AB58EE7-AB77-4EC5-A794-A3C00BC2B070}.Debug|Any CPU.Build.0 = Debug|Any CPU
		{3AB58EE7-AB77-4EC5-A794-A3C00BC2B070}.Release|Any CPU.ActiveCfg = Release|Any CPU
		{3AB58EE7-AB77-4EC5-A794-A3C00BC2B070}.Release|Any CPU.Build.0 = Release|Any CPU
	EndGlobalSection
	GlobalSection(SolutionProperties) = preSolution
		HideSolutionNode = FALSE
	EndGlobalSection
EndGlobal
